<?xml version="1.0" encoding="utf-8"?>
<Project ToolsVersion="4.0" xmlns="http://schemas.microsoft.com/developer/msbuild/2003">
  <ItemGroup>
    <Filter Include="Source Files">
      <UniqueIdentifier>{4FC737F1-C7A5-4376-A066-2A32D752A2FF}</UniqueIdentifier>
      <Extensions>cpp;c;cc;cxx;def;odl;idl;hpj;bat;asm;asmx</Extensions>
    </Filter>
    <Filter Include="Header Files">
      <UniqueIdentifier>{93995380-89BD-4b04-88EB-625FBE52EBFB}</UniqueIdentifier>
      <Extensions>h;hh;hpp;hxx;hm;inl;inc;xsd</Extensions>
    </Filter>
    <Filter Include="Resource Files">
      <UniqueIdentifier>{D9D6E242-F8AF-46E4-B9FD-80ECBC20BA3E}</UniqueIdentifier>
      <Extensions>qrc;*</Extensions>
      <ParseFiles>false</ParseFiles>
    </Filter>
    <Filter Include="Form Files">
      <UniqueIdentifier>{99349809-55BA-4b9d-BF79-8FDBB0286EB3}</UniqueIdentifier>
      <Extensions>ui</Extensions>
    </Filter>
    <Filter Include="Resource Files">
      <UniqueIdentifier>{D9D6E242-F8AF-46E4-B9FD-80ECBC20BA3E}</UniqueIdentifier>
      <Extensions>qrc;*</Extensions>
      <ParseFiles>false</ParseFiles>
    </Filter>
    <Filter Include="Generated Files">
      <UniqueIdentifier>{71ED8ED8-ACB9-4CE9-BBE1-E00B30144E11}</UniqueIdentifier>
      <Extensions>moc;h;cpp</Extensions>
      <SourceControlFiles>False</SourceControlFiles>
    </Filter>
    <Filter Include="Header Files\OpenGL">
      <UniqueIdentifier>{1b8fd4e0-dab1-4e14-96ce-f4a7d1a1988a}</UniqueIdentifier>
    </Filter>
    <Filter Include="Source Files\OpenGL">
      <UniqueIdentifier>{b5f72a15-ce2f-456a-aefb-72d8ef2eeb39}</UniqueIdentifier>
    </Filter>
    <Filter Include="Header Files\OpenGL\DrawYUV">
      <UniqueIdentifier>{52ed1f96-7fdb-4d29-b5a4-aedeebc988bb}</UniqueIdentifier>
    </Filter>
    <Filter Include="Source Files\OpenGL\DrawYUV">
      <UniqueIdentifier>{4b6b5606-4cea-4c4c-8eda-552e40e2d9f4}</UniqueIdentifier>
    </Filter>
  </ItemGroup>
  <ItemGroup>
    <ClCompile Include="main.cpp">
      <Filter>Source Files</Filter>
    </ClCompile>
    <ClCompile Include="QtFFmpegPlayer.cpp">
      <Filter>Source Files</Filter>
    </ClCompile>
    <ClCompile Include="Demux.cpp">
      <Filter>Source Files</Filter>
    </ClCompile>
    <ClCompile Include="PlayerUtility.cpp">
      <Filter>Source Files</Filter>
    </ClCompile>
    <ClCompile Include="Decode.cpp">
      <Filter>Source Files</Filter>
    </ClCompile>
    <ClCompile Include="VideoCanvas.cpp">
      <Filter>Source Files\OpenGL</Filter>
    </ClCompile>
    <ClCompile Include="VideoCanvas2.cpp">
      <Filter>Source Files\OpenGL</Filter>
    </ClCompile>
    <ClCompile Include="VideoCanvas3.cpp">
      <Filter>Source Files\OpenGL</Filter>
    </ClCompile>
    <ClCompile Include="Resample.cpp">
      <Filter>Source Files</Filter>
    </ClCompile>
    <ClCompile Include="AudioPlay.cpp">
      <Filter>Source Files</Filter>
    </ClCompile>
    <ClCompile Include="ProcessAudio.cpp">
      <Filter>Source Files</Filter>
    </ClCompile>
    <ClCompile Include="ProcessVideo.cpp">
      <Filter>Source Files</Filter>
    </ClCompile>
    <ClCompile Include="ProcessBase.cpp">
      <Filter>Source Files</Filter>
    </ClCompile>
    <ClCompile Include="Player_1_0.cpp">
      <Filter>Source Files</Filter>
    </ClCompile>
    <ClCompile Include="UDPReceiver.cpp">
      <Filter>Source Files</Filter>
    </ClCompile>
    <ClCompile Include="DrawI420.cpp">
      <Filter>Source Files\OpenGL\DrawYUV</Filter>
    </ClCompile>
    <ClCompile Include="DrawYUVBase.cpp">
      <Filter>Source Files\OpenGL\DrawYUV</Filter>
    </ClCompile>
    <ClCompile Include="DrawYV12.cpp">
      <Filter>Source Files\OpenGL\DrawYUV</Filter>
    </ClCompile>
    <ClCompile Include="DrawNV12.cpp">
      <Filter>Source Files\OpenGL\DrawYUV</Filter>
    </ClCompile>
    <ClCompile Include="DrawNV21.cpp">
      <Filter>Source Files\OpenGL\DrawYUV</Filter>
    </ClCompile>
    <ClCompile Include="DrawI422.cpp">
      <Filter>Source Files\OpenGL\DrawYUV</Filter>
    </ClCompile>
    <ClCompile Include="DrawYUV444P.cpp">
      <Filter>Source Files\OpenGL\DrawYUV</Filter>
    </ClCompile>
  </ItemGroup>
  <ItemGroup>
    <QtMoc Include="QtFFmpegPlayer.h">
      <Filter>Header Files</Filter>
    </QtMoc>
    <QtMoc Include="VideoCanvas.h">
      <Filter>Header Files\OpenGL</Filter>
    </QtMoc>
    <QtMoc Include="UDPReceiver.h">
      <Filter>Header Files</Filter>
    </QtMoc>
  </ItemGroup>
  <ItemGroup>
    <QtUic Include="QtFFmpegPlayer.ui">
      <Filter>Form Files</Filter>
    </QtUic>
  </ItemGroup>
  <ItemGroup>
    <QtRcc Include="QtFFmpegPlayer.qrc">
      <Filter>Resource Files</Filter>
    </QtRcc>
  </ItemGroup>
  <ItemGroup>
    <ClInclude Include="Demux.h">
      <Filter>Header Files</Filter>
    </ClInclude>
    <ClInclude Include="PlayerUtility.h">
      <Filter>Header Files</Filter>
    </ClInclude>
    <ClInclude Include="Decode.h">
      <Filter>Header Files</Filter>
    </ClInclude>
    <ClInclude Include="VideoCanvas2.h">
      <Filter>Header Files\OpenGL</Filter>
    </ClInclude>
    <ClInclude Include="VideoCanvas3.h">
      <Filter>Header Files\OpenGL</Filter>
    </ClInclude>
    <ClInclude Include="Resample.h">
      <Filter>Header Files</Filter>
    </ClInclude>
    <ClInclude Include="AudioPlay.h">
      <Filter>Header Files</Filter>
    </ClInclude>
    <ClInclude Include="ProcessAudio.h">
      <Filter>Header Files</Filter>
    </ClInclude>
    <ClInclude Include="ProcessVideo.h">
      <Filter>Header Files</Filter>
    </ClInclude>
    <ClInclude Include="ProcessBase.h">
      <Filter>Header Files</Filter>
    </ClInclude>
    <ClInclude Include="Player_1_0.h">
      <Filter>Header Files</Filter>
    </ClInclude>
    <ClInclude Include="DrawI420.h">
      <Filter>Header Files\OpenGL\DrawYUV</Filter>
    </ClInclude>
    <ClInclude Include="Factory.h">
      <Filter>Header Files\OpenGL\DrawYUV</Filter>
    </ClInclude>
    <ClInclude Include="DrawYUVBase.h">
      <Filter>Header Files\OpenGL\DrawYUV</Filter>
    </ClInclude>
    <ClInclude Include="DrawYV12.h">
      <Filter>Header Files\OpenGL\DrawYUV</Filter>
    </ClInclude>
    <ClInclude Include="DrawNV12.h">
      <Filter>Header Files\OpenGL\DrawYUV</Filter>
    </ClInclude>
    <ClInclude Include="DrawNV21.h">
      <Filter>Header Files\OpenGL\DrawYUV</Filter>
    </ClInclude>
    <ClInclude Include="DrawI422.h">
      <Filter>Header Files\OpenGL\DrawYUV</Filter>
    </ClInclude>
    <ClInclude Include="DrawYUV444P.h">
      <Filter>Header Files\OpenGL\DrawYUV</Filter>
    </ClInclude>
  </ItemGroup>
</Project>